
Microsoft Visual Studio Solution File, Format Version 12.00
# Visual Studio 2013
VisualStudioVersion = 12.0.30501.0
MinimumVisualStudioVersion = 10.0.40219.1
Project("{FAE04EC0-301F-11D3-BF4B-00C04F79EFBC}") = "VsixMvcAppResult.Resources", "VsixMvcAppResult\VsixMvcAppResult.Resources\VsixMvcAppResult.Resources.csproj", "{31EA2808-81A4-48CB-8730-6B8883886587}"
EndProject
Project("{FAE04EC0-301F-11D3-BF4B-00C04F79EFBC}") = "VsixMvcAppResult.BL", "VsixMvcAppResult\VsixMvcAppResult.BL\VsixMvcAppResult.BL.csproj", "{FCADB22A-E826-4444-8C2B-9F7FC36CCE78}"
EndProject
Project("{FAE04EC0-301F-11D3-BF4B-00C04F79EFBC}") = "VsixMvcAppResult.DAL", "VsixMvcAppResult\VsixMvcAppResult.DAL\VsixMvcAppResult.DAL.csproj", "{EDC045DC-A310-426E-B714-61967C41383F}"
EndProject
Project("{00D1A9C2-B5F0-4AF3-8072-F6C62B433612}") = "VsixMvcAppResult.Database.Membership", "VsixMvcAppResult\VsixMvcAppResult.Database.Membership\VsixMvcAppResult.Database.Membership.sqlproj", "{435D4904-52E6-4C29-BFCD-5FC08857C759}"
EndProject
Project("{00D1A9C2-B5F0-4AF3-8072-F6C62B433612}") = "VsixMvcAppResult.Database.Logging", "VsixMvcAppResult\VsixMvcAppResult.Database.Logging\VsixMvcAppResult.Database.Logging.sqlproj", "{8A04BA95-D479-4C2B-9D5A-2E59429844B7}"
EndProject
Project("{00D1A9C2-B5F0-4AF3-8072-F6C62B433612}") = "VsixMvcAppResult.Database.TokenTemporary", "VsixMvcAppResult\VsixMvcAppResult.Database.TokenTemporary\VsixMvcAppResult.Database.TokenTemporary.sqlproj", "{0F90910A-4FB7-487C-A705-87F6D496BDC5}"
EndProject
Project("{FAE04EC0-301F-11D3-BF4B-00C04F79EFBC}") = "VsixMvcAppResult.Models", "VsixMvcAppResult\VsixMvcAppResult.Models\VsixMvcAppResult.Models.csproj", "{893BC36D-2348-404D-BDB1-6A19A9CCFF68}"
EndProject
Project("{FAE04EC0-301F-11D3-BF4B-00C04F79EFBC}") = "VsixMvcAppResult.Models.Azure", "VsixMvcAppResult\VsixMvcAppResult.Models.Azure\VsixMvcAppResult.Models.Azure.csproj", "{D76105FF-17C0-4255-951A-3A29F704BF6D}"
EndProject
Project("{FAE04EC0-301F-11D3-BF4B-00C04F79EFBC}") = "VsixMvcAppResult.UI.Web", "VsixMvcAppResult\VsixMvcAppResult.UI.Web\VsixMvcAppResult.UI.Web.csproj", "{609ECAEE-9E8F-49FD-AA7C-2E62D72098B8}"
EndProject
Project("{FAE04EC0-301F-11D3-BF4B-00C04F79EFBC}") = "VsixMvcAppResult.UI.Web.Standalone", "VsixMvcAppResult\VsixMvcAppResult.UI.Web.Standalone\VsixMvcAppResult.UI.Web.Standalone.csproj", "{66B0226E-8576-453A-89C3-9CA9E47F7D87}"
EndProject
Project("{FAE04EC0-301F-11D3-BF4B-00C04F79EFBC}") = "VsixMvcAppResult.Tests.Common", "VsixMvcAppResult\VsixMvcAppResult.Tests.Common\VsixMvcAppResult.Tests.Common.csproj", "{08C9208E-B294-4A15-9BAC-50B613C47321}"
EndProject
Project("{FAE04EC0-301F-11D3-BF4B-00C04F79EFBC}") = "VsixMvcAppResult.Tests.Integration", "VsixMvcAppResult\VsixMvcAppResult.Tests.Integration\VsixMvcAppResult.Tests.Integration.csproj", "{5C1C356C-2C9A-401C-82D3-190510D0A456}"
EndProject
Project("{FAE04EC0-301F-11D3-BF4B-00C04F79EFBC}") = "VsixMvcAppResult.WCF.ServicesLibrary", "VsixMvcAppResult\VsixMvcAppResult.WCF.ServicesLibrary\VsixMvcAppResult.WCF.ServicesLibrary.csproj", "{32E85879-06DC-4B3C-8C0C-2702A494821B}"
EndProject
Project("{FAE04EC0-301F-11D3-BF4B-00C04F79EFBC}") = "VsixMvcAppResult.WCF.ServicesHost", "VsixMvcAppResult\VsixMvcAppResult.WCF.ServicesHost\VsixMvcAppResult.WCF.ServicesHost.csproj", "{AB5CC3FB-EAFD-4EB6-A5C5-05C2DE49F9CD}"
EndProject
Project("{FAE04EC0-301F-11D3-BF4B-00C04F79EFBC}") = "VsixMvcAppResult.WCF.ServicesHostCommon", "VsixMvcAppResult\VsixMvcAppResult.WCF.ServicesHostCommon\VsixMvcAppResult.WCF.ServicesHostCommon.csproj", "{917AC502-C1F4-4356-8513-84404907E7B5}"
EndProject
Project("{FAE04EC0-301F-11D3-BF4B-00C04F79EFBC}") = "VsixMvcAppResult.WCF.ServicesHostWorkerRole", "VsixMvcAppResult\VsixMvcAppResult.WCF.ServicesHostWorkerRole\VsixMvcAppResult.WCF.ServicesHostWorkerRole.csproj", "{790F2B30-3000-44CE-BF73-2F4342805BB6}"
EndProject
Project("{CC5FD16D-436D-48AD-A40C-5A424C6E3E79}") = "VsixMvcAppResult.CloudServices", "VsixMvcAppResult\VsixMvcAppResult.CloudServices\VsixMvcAppResult.CloudServices.ccproj", "{E6DB647B-9E9E-417A-A491-403E55F75B4B}"
EndProject
Project("{2150E333-8FDC-42A3-9474-1A3956D46DE8}") = "git_files", "git_files", "{BB1CD9C9-9D78-4DFF-BFC9-635CC44CE5A6}"
	ProjectSection(SolutionItems) = preProject
		.deployment = .deployment
		.gitattributes = .gitattributes
		.gitHowToDeploy = .gitHowToDeploy
		.gitignore = .gitignore
	EndProjectSection
EndProject
Project("{2150E333-8FDC-42A3-9474-1A3956D46DE8}") = "WCF", "WCF", "{06A52D63-C59C-4098-AC56-503B559C036C}"
EndProject
Project("{2150E333-8FDC-42A3-9474-1A3956D46DE8}") = "Tests", "Tests", "{9E30EEFE-3244-4FD4-81AD-BC5B06251BF2}"
EndProject
Project("{2150E333-8FDC-42A3-9474-1A3956D46DE8}") = "Database", "Database", "{57410C8B-14EC-4EAB-887E-C044F539E345}"
EndProject
Project("{2150E333-8FDC-42A3-9474-1A3956D46DE8}") = "Azure", "Azure", "{F2A0C613-3B56-40D5-BD46-ADEF62C1F6A1}"
EndProject
Project("{2150E333-8FDC-42A3-9474-1A3956D46DE8}") = "Domain", "Domain", "{7A4DD753-6850-4383-88ED-AC08EE0B1699}"
EndProject
Project("{2150E333-8FDC-42A3-9474-1A3956D46DE8}") = "UI", "UI", "{B6B96A2F-2276-4286-A9D1-613FDFDCBFD2}"
EndProject
Project("{2150E333-8FDC-42A3-9474-1A3956D46DE8}") = "Src", "Src", "{02ED933C-CB7C-46AB-898D-8C6B265C8766}"
EndProject
Project("{FAE04EC0-301F-11D3-BF4B-00C04F79EFBC}") = "VsixMvcAppResult.UI.Web.StandaloneSite", "VsixMvcAppResult\VsixMvcAppResult.UI.Web.StandaloneSite\VsixMvcAppResult.UI.Web.StandaloneSite.csproj", "{12A8F0EA-B42F-4FBE-A249-2B4B45726F59}"
EndProject
Global
	GlobalSection(SolutionConfigurationPlatforms) = preSolution
		Debug|Any CPU = Debug|Any CPU
		Debug|Mixed Platforms = Debug|Mixed Platforms
		Debug|x86 = Debug|x86
		Release|Any CPU = Release|Any CPU
		Release|Mixed Platforms = Release|Mixed Platforms
		Release|x86 = Release|x86
	EndGlobalSection
	GlobalSection(ProjectConfigurationPlatforms) = postSolution
		{31EA2808-81A4-48CB-8730-6B8883886587}.Debug|Any CPU.ActiveCfg = Debug|Any CPU
		{31EA2808-81A4-48CB-8730-6B8883886587}.Debug|Any CPU.Build.0 = Debug|Any CPU
		{31EA2808-81A4-48CB-8730-6B8883886587}.Debug|Mixed Platforms.ActiveCfg = Debug|Any CPU
		{31EA2808-81A4-48CB-8730-6B8883886587}.Debug|Mixed Platforms.Build.0 = Debug|Any CPU
		{31EA2808-81A4-48CB-8730-6B8883886587}.Debug|x86.ActiveCfg = Debug|Any CPU
		{31EA2808-81A4-48CB-8730-6B8883886587}.Release|Any CPU.ActiveCfg = Release|Any CPU
		{31EA2808-81A4-48CB-8730-6B8883886587}.Release|Any CPU.Build.0 = Release|Any CPU
		{31EA2808-81A4-48CB-8730-6B8883886587}.Release|Mixed Platforms.ActiveCfg = Release|Any CPU
		{31EA2808-81A4-48CB-8730-6B8883886587}.Release|Mixed Platforms.Build.0 = Release|Any CPU
		{31EA2808-81A4-48CB-8730-6B8883886587}.Release|x86.ActiveCfg = Release|Any CPU
		{FCADB22A-E826-4444-8C2B-9F7FC36CCE78}.Debug|Any CPU.ActiveCfg = Debug|Any CPU
		{FCADB22A-E826-4444-8C2B-9F7FC36CCE78}.Debug|Any CPU.Build.0 = Debug|Any CPU
		{FCADB22A-E826-4444-8C2B-9F7FC36CCE78}.Debug|Mixed Platforms.ActiveCfg = Debug|Any CPU
		{FCADB22A-E826-4444-8C2B-9F7FC36CCE78}.Debug|Mixed Platforms.Build.0 = Debug|Any CPU
		{FCADB22A-E826-4444-8C2B-9F7FC36CCE78}.Debug|x86.ActiveCfg = Debug|Any CPU
		{FCADB22A-E826-4444-8C2B-9F7FC36CCE78}.Release|Any CPU.ActiveCfg = Release|Any CPU
		{FCADB22A-E826-4444-8C2B-9F7FC36CCE78}.Release|Any CPU.Build.0 = Release|Any CPU
		{FCADB22A-E826-4444-8C2B-9F7FC36CCE78}.Release|Mixed Platforms.ActiveCfg = Release|Any CPU
		{FCADB22A-E826-4444-8C2B-9F7FC36CCE78}.Release|Mixed Platforms.Build.0 = Release|Any CPU
		{FCADB22A-E826-4444-8C2B-9F7FC36CCE78}.Release|x86.ActiveCfg = Release|Any CPU
		{EDC045DC-A310-426E-B714-61967C41383F}.Debug|Any CPU.ActiveCfg = Debug|Any CPU
		{EDC045DC-A310-426E-B714-61967C41383F}.Debug|Any CPU.Build.0 = Debug|Any CPU
		{EDC045DC-A310-426E-B714-61967C41383F}.Debug|Mixed Platforms.ActiveCfg = Debug|Any CPU
		{EDC045DC-A310-426E-B714-61967C41383F}.Debug|Mixed Platforms.Build.0 = Debug|Any CPU
		{EDC045DC-A310-426E-B714-61967C41383F}.Debug|x86.ActiveCfg = Debug|Any CPU
		{EDC045DC-A310-426E-B714-61967C41383F}.Release|Any CPU.ActiveCfg = Release|Any CPU
		{EDC045DC-A310-426E-B714-61967C41383F}.Release|Any CPU.Build.0 = Release|Any CPU
		{EDC045DC-A310-426E-B714-61967C41383F}.Release|Mixed Platforms.ActiveCfg = Release|Any CPU
		{EDC045DC-A310-426E-B714-61967C41383F}.Release|Mixed Platforms.Build.0 = Release|Any CPU
		{EDC045DC-A310-426E-B714-61967C41383F}.Release|x86.ActiveCfg = Release|Any CPU
		{435D4904-52E6-4C29-BFCD-5FC08857C759}.Debug|Any CPU.ActiveCfg = Debug|Any CPU
		{435D4904-52E6-4C29-BFCD-5FC08857C759}.Debug|Any CPU.Build.0 = Debug|Any CPU
		{435D4904-52E6-4C29-BFCD-5FC08857C759}.Debug|Any CPU.Deploy.0 = Debug|Any CPU
		{435D4904-52E6-4C29-BFCD-5FC08857C759}.Debug|Mixed Platforms.ActiveCfg = Debug|Any CPU
		{435D4904-52E6-4C29-BFCD-5FC08857C759}.Debug|Mixed Platforms.Build.0 = Debug|Any CPU
		{435D4904-52E6-4C29-BFCD-5FC08857C759}.Debug|Mixed Platforms.Deploy.0 = Debug|Any CPU
		{435D4904-52E6-4C29-BFCD-5FC08857C759}.Debug|x86.ActiveCfg = Debug|Any CPU
		{435D4904-52E6-4C29-BFCD-5FC08857C759}.Release|Any CPU.ActiveCfg = Release|Any CPU
		{435D4904-52E6-4C29-BFCD-5FC08857C759}.Release|Any CPU.Build.0 = Release|Any CPU
		{435D4904-52E6-4C29-BFCD-5FC08857C759}.Release|Any CPU.Deploy.0 = Release|Any CPU
		{435D4904-52E6-4C29-BFCD-5FC08857C759}.Release|Mixed Platforms.ActiveCfg = Release|Any CPU
		{435D4904-52E6-4C29-BFCD-5FC08857C759}.Release|Mixed Platforms.Build.0 = Release|Any CPU
		{435D4904-52E6-4C29-BFCD-5FC08857C759}.Release|Mixed Platforms.Deploy.0 = Release|Any CPU
		{435D4904-52E6-4C29-BFCD-5FC08857C759}.Release|x86.ActiveCfg = Release|Any CPU
		{8A04BA95-D479-4C2B-9D5A-2E59429844B7}.Debug|Any CPU.ActiveCfg = Debug|Any CPU
		{8A04BA95-D479-4C2B-9D5A-2E59429844B7}.Debug|Any CPU.Build.0 = Debug|Any CPU
		{8A04BA95-D479-4C2B-9D5A-2E59429844B7}.Debug|Any CPU.Deploy.0 = Debug|Any CPU
		{8A04BA95-D479-4C2B-9D5A-2E59429844B7}.Debug|Mixed Platforms.ActiveCfg = Debug|Any CPU
		{8A04BA95-D479-4C2B-9D5A-2E59429844B7}.Debug|Mixed Platforms.Build.0 = Debug|Any CPU
		{8A04BA95-D479-4C2B-9D5A-2E59429844B7}.Debug|Mixed Platforms.Deploy.0 = Debug|Any CPU
		{8A04BA95-D479-4C2B-9D5A-2E59429844B7}.Debug|x86.ActiveCfg = Debug|Any CPU
		{8A04BA95-D479-4C2B-9D5A-2E59429844B7}.Release|Any CPU.ActiveCfg = Release|Any CPU
		{8A04BA95-D479-4C2B-9D5A-2E59429844B7}.Release|Any CPU.Build.0 = Release|Any CPU
		{8A04BA95-D479-4C2B-9D5A-2E59429844B7}.Release|Any CPU.Deploy.0 = Release|Any CPU
		{8A04BA95-D479-4C2B-9D5A-2E59429844B7}.Release|Mixed Platforms.ActiveCfg = Release|Any CPU
		{8A04BA95-D479-4C2B-9D5A-2E59429844B7}.Release|Mixed Platforms.Build.0 = Release|Any CPU
		{8A04BA95-D479-4C2B-9D5A-2E59429844B7}.Release|Mixed Platforms.Deploy.0 = Release|Any CPU
		{8A04BA95-D479-4C2B-9D5A-2E59429844B7}.Release|x86.ActiveCfg = Release|Any CPU
		{0F90910A-4FB7-487C-A705-87F6D496BDC5}.Debug|Any CPU.ActiveCfg = Debug|Any CPU
		{0F90910A-4FB7-487C-A705-87F6D496BDC5}.Debug|Any CPU.Build.0 = Debug|Any CPU
		{0F90910A-4FB7-487C-A705-87F6D496BDC5}.Debug|Any CPU.Deploy.0 = Debug|Any CPU
		{0F90910A-4FB7-487C-A705-87F6D496BDC5}.Debug|Mixed Platforms.ActiveCfg = Debug|Any CPU
		{0F90910A-4FB7-487C-A705-87F6D496BDC5}.Debug|Mixed Platforms.Build.0 = Debug|Any CPU
		{0F90910A-4FB7-487C-A705-87F6D496BDC5}.Debug|Mixed Platforms.Deploy.0 = Debug|Any CPU
		{0F90910A-4FB7-487C-A705-87F6D496BDC5}.Debug|x86.ActiveCfg = Debug|Any CPU
		{0F90910A-4FB7-487C-A705-87F6D496BDC5}.Release|Any CPU.ActiveCfg = Release|Any CPU
		{0F90910A-4FB7-487C-A705-87F6D496BDC5}.Release|Any CPU.Build.0 = Release|Any CPU
		{0F90910A-4FB7-487C-A705-87F6D496BDC5}.Release|Any CPU.Deploy.0 = Release|Any CPU
		{0F90910A-4FB7-487C-A705-87F6D496BDC5}.Release|Mixed Platforms.ActiveCfg = Release|Any CPU
		{0F90910A-4FB7-487C-A705-87F6D496BDC5}.Release|Mixed Platforms.Build.0 = Release|Any CPU
		{0F90910A-4FB7-487C-A705-87F6D496BDC5}.Release|Mixed Platforms.Deploy.0 = Release|Any CPU
		{0F90910A-4FB7-487C-A705-87F6D496BDC5}.Release|x86.ActiveCfg = Release|Any CPU
		{893BC36D-2348-404D-BDB1-6A19A9CCFF68}.Debug|Any CPU.ActiveCfg = Debug|Any CPU
		{893BC36D-2348-404D-BDB1-6A19A9CCFF68}.Debug|Any CPU.Build.0 = Debug|Any CPU
		{893BC36D-2348-404D-BDB1-6A19A9CCFF68}.Debug|Mixed Platforms.ActiveCfg = Debug|Any CPU
		{893BC36D-2348-404D-BDB1-6A19A9CCFF68}.Debug|Mixed Platforms.Build.0 = Debug|Any CPU
		{893BC36D-2348-404D-BDB1-6A19A9CCFF68}.Debug|x86.ActiveCfg = Debug|Any CPU
		{893BC36D-2348-404D-BDB1-6A19A9CCFF68}.Release|Any CPU.ActiveCfg = Release|Any CPU
		{893BC36D-2348-404D-BDB1-6A19A9CCFF68}.Release|Any CPU.Build.0 = Release|Any CPU
		{893BC36D-2348-404D-BDB1-6A19A9CCFF68}.Release|Mixed Platforms.ActiveCfg = Release|Any CPU
		{893BC36D-2348-404D-BDB1-6A19A9CCFF68}.Release|Mixed Platforms.Build.0 = Release|Any CPU
		{893BC36D-2348-404D-BDB1-6A19A9CCFF68}.Release|x86.ActiveCfg = Release|Any CPU
		{D76105FF-17C0-4255-951A-3A29F704BF6D}.Debug|Any CPU.ActiveCfg = Debug|Any CPU
		{D76105FF-17C0-4255-951A-3A29F704BF6D}.Debug|Any CPU.Build.0 = Debug|Any CPU
		{D76105FF-17C0-4255-951A-3A29F704BF6D}.Debug|Mixed Platforms.ActiveCfg = Debug|Any CPU
		{D76105FF-17C0-4255-951A-3A29F704BF6D}.Debug|Mixed Platforms.Build.0 = Debug|Any CPU
		{D76105FF-17C0-4255-951A-3A29F704BF6D}.Debug|x86.ActiveCfg = Debug|Any CPU
		{D76105FF-17C0-4255-951A-3A29F704BF6D}.Release|Any CPU.ActiveCfg = Release|Any CPU
		{D76105FF-17C0-4255-951A-3A29F704BF6D}.Release|Any CPU.Build.0 = Release|Any CPU
		{D76105FF-17C0-4255-951A-3A29F704BF6D}.Release|Mixed Platforms.ActiveCfg = Release|Any CPU
		{D76105FF-17C0-4255-951A-3A29F704BF6D}.Release|Mixed Platforms.Build.0 = Release|Any CPU
		{D76105FF-17C0-4255-951A-3A29F704BF6D}.Release|x86.ActiveCfg = Release|Any CPU
		{609ECAEE-9E8F-49FD-AA7C-2E62D72098B8}.Debug|Any CPU.ActiveCfg = Debug|Any CPU
		{609ECAEE-9E8F-49FD-AA7C-2E62D72098B8}.Debug|Any CPU.Build.0 = Debug|Any CPU
		{609ECAEE-9E8F-49FD-AA7C-2E62D72098B8}.Debug|Mixed Platforms.ActiveCfg = Debug|Any CPU
		{609ECAEE-9E8F-49FD-AA7C-2E62D72098B8}.Debug|Mixed Platforms.Build.0 = Debug|Any CPU
		{609ECAEE-9E8F-49FD-AA7C-2E62D72098B8}.Debug|x86.ActiveCfg = Debug|Any CPU
		{609ECAEE-9E8F-49FD-AA7C-2E62D72098B8}.Release|Any CPU.ActiveCfg = Release|Any CPU
		{609ECAEE-9E8F-49FD-AA7C-2E62D72098B8}.Release|Any CPU.Build.0 = Release|Any CPU
		{609ECAEE-9E8F-49FD-AA7C-2E62D72098B8}.Release|Mixed Platforms.ActiveCfg = Release|Any CPU
		{609ECAEE-9E8F-49FD-AA7C-2E62D72098B8}.Release|Mixed Platforms.Build.0 = Release|Any CPU
		{609ECAEE-9E8F-49FD-AA7C-2E62D72098B8}.Release|x86.ActiveCfg = Release|Any CPU
		{66B0226E-8576-453A-89C3-9CA9E47F7D87}.Debug|Any CPU.ActiveCfg = Debug|Any CPU
		{66B0226E-8576-453A-89C3-9CA9E47F7D87}.Debug|Any CPU.Build.0 = Debug|Any CPU
		{66B0226E-8576-453A-89C3-9CA9E47F7D87}.Debug|Mixed Platforms.ActiveCfg = Debug|Any CPU
		{66B0226E-8576-453A-89C3-9CA9E47F7D87}.Debug|Mixed Platforms.Build.0 = Debug|Any CPU
		{66B0226E-8576-453A-89C3-9CA9E47F7D87}.Debug|x86.ActiveCfg = Debug|Any CPU
		{66B0226E-8576-453A-89C3-9CA9E47F7D87}.Release|Any CPU.ActiveCfg = Release|Any CPU
		{66B0226E-8576-453A-89C3-9CA9E47F7D87}.Release|Any CPU.Build.0 = Release|Any CPU
		{66B0226E-8576-453A-89C3-9CA9E47F7D87}.Release|Mixed Platforms.ActiveCfg = Release|Any CPU
		{66B0226E-8576-453A-89C3-9CA9E47F7D87}.Release|Mixed Platforms.Build.0 = Release|Any CPU
		{66B0226E-8576-453A-89C3-9CA9E47F7D87}.Release|x86.ActiveCfg = Release|Any CPU
		{08C9208E-B294-4A15-9BAC-50B613C47321}.Debug|Any CPU.ActiveCfg = Debug|Any CPU
		{08C9208E-B294-4A15-9BAC-50B613C47321}.Debug|Any CPU.Build.0 = Debug|Any CPU
		{08C9208E-B294-4A15-9BAC-50B613C47321}.Debug|Mixed Platforms.ActiveCfg = Debug|Any CPU
		{08C9208E-B294-4A15-9BAC-50B613C47321}.Debug|Mixed Platforms.Build.0 = Debug|Any CPU
		{08C9208E-B294-4A15-9BAC-50B613C47321}.Debug|x86.ActiveCfg = Debug|Any CPU
		{08C9208E-B294-4A15-9BAC-50B613C47321}.Release|Any CPU.ActiveCfg = Release|Any CPU
		{08C9208E-B294-4A15-9BAC-50B613C47321}.Release|Any CPU.Build.0 = Release|Any CPU
		{08C9208E-B294-4A15-9BAC-50B613C47321}.Release|Mixed Platforms.ActiveCfg = Release|Any CPU
		{08C9208E-B294-4A15-9BAC-50B613C47321}.Release|Mixed Platforms.Build.0 = Release|Any CPU
		{08C9208E-B294-4A15-9BAC-50B613C47321}.Release|x86.ActiveCfg = Release|Any CPU
		{5C1C356C-2C9A-401C-82D3-190510D0A456}.Debug|Any CPU.ActiveCfg = Debug|Any CPU
		{5C1C356C-2C9A-401C-82D3-190510D0A456}.Debug|Any CPU.Build.0 = Debug|Any CPU
		{5C1C356C-2C9A-401C-82D3-190510D0A456}.Debug|Mixed Platforms.ActiveCfg = Debug|Any CPU
		{5C1C356C-2C9A-401C-82D3-190510D0A456}.Debug|Mixed Platforms.Build.0 = Debug|Any CPU
		{5C1C356C-2C9A-401C-82D3-190510D0A456}.Debug|x86.ActiveCfg = Debug|Any CPU
		{5C1C356C-2C9A-401C-82D3-190510D0A456}.Release|Any CPU.ActiveCfg = Release|Any CPU
		{5C1C356C-2C9A-401C-82D3-190510D0A456}.Release|Any CPU.Build.0 = Release|Any CPU
		{5C1C356C-2C9A-401C-82D3-190510D0A456}.Release|Mixed Platforms.ActiveCfg = Release|Any CPU
		{5C1C356C-2C9A-401C-82D3-190510D0A456}.Release|Mixed Platforms.Build.0 = Release|Any CPU
		{5C1C356C-2C9A-401C-82D3-190510D0A456}.Release|x86.ActiveCfg = Release|Any CPU
		{32E85879-06DC-4B3C-8C0C-2702A494821B}.Debug|Any CPU.ActiveCfg = Debug|Any CPU
		{32E85879-06DC-4B3C-8C0C-2702A494821B}.Debug|Any CPU.Build.0 = Debug|Any CPU
		{32E85879-06DC-4B3C-8C0C-2702A494821B}.Debug|Mixed Platforms.ActiveCfg = Debug|Any CPU
		{32E85879-06DC-4B3C-8C0C-2702A494821B}.Debug|Mixed Platforms.Build.0 = Debug|Any CPU
		{32E85879-06DC-4B3C-8C0C-2702A494821B}.Debug|x86.ActiveCfg = Debug|Any CPU
		{32E85879-06DC-4B3C-8C0C-2702A494821B}.Release|Any CPU.ActiveCfg = Release|Any CPU
		{32E85879-06DC-4B3C-8C0C-2702A494821B}.Release|Any CPU.Build.0 = Release|Any CPU
		{32E85879-06DC-4B3C-8C0C-2702A494821B}.Release|Mixed Platforms.ActiveCfg = Release|Any CPU
		{32E85879-06DC-4B3C-8C0C-2702A494821B}.Release|Mixed Platforms.Build.0 = Release|Any CPU
		{32E85879-06DC-4B3C-8C0C-2702A494821B}.Release|x86.ActiveCfg = Release|Any CPU
		{AB5CC3FB-EAFD-4EB6-A5C5-05C2DE49F9CD}.Debug|Any CPU.ActiveCfg = Debug|x86
		{AB5CC3FB-EAFD-4EB6-A5C5-05C2DE49F9CD}.Debug|Mixed Platforms.ActiveCfg = Debug|x86
		{AB5CC3FB-EAFD-4EB6-A5C5-05C2DE49F9CD}.Debug|Mixed Platforms.Build.0 = Debug|x86
		{AB5CC3FB-EAFD-4EB6-A5C5-05C2DE49F9CD}.Debug|x86.ActiveCfg = Debug|x86
		{AB5CC3FB-EAFD-4EB6-A5C5-05C2DE49F9CD}.Debug|x86.Build.0 = Debug|x86
		{AB5CC3FB-EAFD-4EB6-A5C5-05C2DE49F9CD}.Release|Any CPU.ActiveCfg = Release|x86
		{AB5CC3FB-EAFD-4EB6-A5C5-05C2DE49F9CD}.Release|Mixed Platforms.ActiveCfg = Release|x86
		{AB5CC3FB-EAFD-4EB6-A5C5-05C2DE49F9CD}.Release|Mixed Platforms.Build.0 = Release|x86
		{AB5CC3FB-EAFD-4EB6-A5C5-05C2DE49F9CD}.Release|x86.ActiveCfg = Release|x86
		{AB5CC3FB-EAFD-4EB6-A5C5-05C2DE49F9CD}.Release|x86.Build.0 = Release|x86
		{917AC502-C1F4-4356-8513-84404907E7B5}.Debug|Any CPU.ActiveCfg = Debug|Any CPU
		{917AC502-C1F4-4356-8513-84404907E7B5}.Debug|Any CPU.Build.0 = Debug|Any CPU
		{917AC502-C1F4-4356-8513-84404907E7B5}.Debug|Mixed Platforms.ActiveCfg = Debug|Any CPU
		{917AC502-C1F4-4356-8513-84404907E7B5}.Debug|Mixed Platforms.Build.0 = Debug|Any CPU
		{917AC502-C1F4-4356-8513-84404907E7B5}.Debug|x86.ActiveCfg = Debug|Any CPU
		{917AC502-C1F4-4356-8513-84404907E7B5}.Release|Any CPU.ActiveCfg = Release|Any CPU
		{917AC502-C1F4-4356-8513-84404907E7B5}.Release|Any CPU.Build.0 = Release|Any CPU
		{917AC502-C1F4-4356-8513-84404907E7B5}.Release|Mixed Platforms.ActiveCfg = Release|Any CPU
		{917AC502-C1F4-4356-8513-84404907E7B5}.Release|Mixed Platforms.Build.0 = Release|Any CPU
		{917AC502-C1F4-4356-8513-84404907E7B5}.Release|x86.ActiveCfg = Release|Any CPU
		{790F2B30-3000-44CE-BF73-2F4342805BB6}.Debug|Any CPU.ActiveCfg = Debug|Any CPU
		{790F2B30-3000-44CE-BF73-2F4342805BB6}.Debug|Any CPU.Build.0 = Debug|Any CPU
		{790F2B30-3000-44CE-BF73-2F4342805BB6}.Debug|Mixed Platforms.ActiveCfg = Debug|Any CPU
		{790F2B30-3000-44CE-BF73-2F4342805BB6}.Debug|Mixed Platforms.Build.0 = Debug|Any CPU
		{790F2B30-3000-44CE-BF73-2F4342805BB6}.Debug|x86.ActiveCfg = Debug|Any CPU
		{790F2B30-3000-44CE-BF73-2F4342805BB6}.Release|Any CPU.ActiveCfg = Release|Any CPU
		{790F2B30-3000-44CE-BF73-2F4342805BB6}.Release|Any CPU.Build.0 = Release|Any CPU
		{790F2B30-3000-44CE-BF73-2F4342805BB6}.Release|Mixed Platforms.ActiveCfg = Release|Any CPU
		{790F2B30-3000-44CE-BF73-2F4342805BB6}.Release|Mixed Platforms.Build.0 = Release|Any CPU
		{790F2B30-3000-44CE-BF73-2F4342805BB6}.Release|x86.ActiveCfg = Release|Any CPU
		{E6DB647B-9E9E-417A-A491-403E55F75B4B}.Debug|Any CPU.ActiveCfg = Debug|Any CPU
		{E6DB647B-9E9E-417A-A491-403E55F75B4B}.Debug|Any CPU.Build.0 = Debug|Any CPU
		{E6DB647B-9E9E-417A-A491-403E55F75B4B}.Debug|Mixed Platforms.ActiveCfg = Debug|Any CPU
		{E6DB647B-9E9E-417A-A491-403E55F75B4B}.Debug|Mixed Platforms.Build.0 = Debug|Any CPU
		{E6DB647B-9E9E-417A-A491-403E55F75B4B}.Debug|x86.ActiveCfg = Debug|Any CPU
		{E6DB647B-9E9E-417A-A491-403E55F75B4B}.Release|Any CPU.ActiveCfg = Release|Any CPU
		{E6DB647B-9E9E-417A-A491-403E55F75B4B}.Release|Any CPU.Build.0 = Release|Any CPU
		{E6DB647B-9E9E-417A-A491-403E55F75B4B}.Release|Mixed Platforms.ActiveCfg = Release|Any CPU
		{E6DB647B-9E9E-417A-A491-403E55F75B4B}.Release|Mixed Platforms.Build.0 = Release|Any CPU
		{E6DB647B-9E9E-417A-A491-403E55F75B4B}.Release|x86.ActiveCfg = Release|Any CPU
		{12A8F0EA-B42F-4FBE-A249-2B4B45726F59}.Debug|Any CPU.ActiveCfg = Debug|Any CPU
		{12A8F0EA-B42F-4FBE-A249-2B4B45726F59}.Debug|Any CPU.Build.0 = Debug|Any CPU
		{12A8F0EA-B42F-4FBE-A249-2B4B45726F59}.Debug|Mixed Platforms.ActiveCfg = Debug|Any CPU
		{12A8F0EA-B42F-4FBE-A249-2B4B45726F59}.Debug|Mixed Platforms.Build.0 = Debug|Any CPU
		{12A8F0EA-B42F-4FBE-A249-2B4B45726F59}.Debug|x86.ActiveCfg = Debug|Any CPU
		{12A8F0EA-B42F-4FBE-A249-2B4B45726F59}.Release|Any CPU.ActiveCfg = Release|Any CPU
		{12A8F0EA-B42F-4FBE-A249-2B4B45726F59}.Release|Any CPU.Build.0 = Release|Any CPU
		{12A8F0EA-B42F-4FBE-A249-2B4B45726F59}.Release|Mixed Platforms.ActiveCfg = Release|Any CPU
		{12A8F0EA-B42F-4FBE-A249-2B4B45726F59}.Release|Mixed Platforms.Build.0 = Release|Any CPU
		{12A8F0EA-B42F-4FBE-A249-2B4B45726F59}.Release|x86.ActiveCfg = Release|Any CPU
	EndGlobalSection
	GlobalSection(SolutionProperties) = preSolution
		HideSolutionNode = FALSE
	EndGlobalSection
	GlobalSection(NestedProjects) = preSolution
		{31EA2808-81A4-48CB-8730-6B8883886587} = {7A4DD753-6850-4383-88ED-AC08EE0B1699}
		{FCADB22A-E826-4444-8C2B-9F7FC36CCE78} = {7A4DD753-6850-4383-88ED-AC08EE0B1699}
		{EDC045DC-A310-426E-B714-61967C41383F} = {7A4DD753-6850-4383-88ED-AC08EE0B1699}
		{435D4904-52E6-4C29-BFCD-5FC08857C759} = {57410C8B-14EC-4EAB-887E-C044F539E345}
		{8A04BA95-D479-4C2B-9D5A-2E59429844B7} = {57410C8B-14EC-4EAB-887E-C044F539E345}
		{0F90910A-4FB7-487C-A705-87F6D496BDC5} = {57410C8B-14EC-4EAB-887E-C044F539E345}
		{893BC36D-2348-404D-BDB1-6A19A9CCFF68} = {7A4DD753-6850-4383-88ED-AC08EE0B1699}
		{D76105FF-17C0-4255-951A-3A29F704BF6D} = {F2A0C613-3B56-40D5-BD46-ADEF62C1F6A1}
		{609ECAEE-9E8F-49FD-AA7C-2E62D72098B8} = {B6B96A2F-2276-4286-A9D1-613FDFDCBFD2}
		{66B0226E-8576-453A-89C3-9CA9E47F7D87} = {B6B96A2F-2276-4286-A9D1-613FDFDCBFD2}
		{08C9208E-B294-4A15-9BAC-50B613C47321} = {9E30EEFE-3244-4FD4-81AD-BC5B06251BF2}
		{5C1C356C-2C9A-401C-82D3-190510D0A456} = {9E30EEFE-3244-4FD4-81AD-BC5B06251BF2}
		{32E85879-06DC-4B3C-8C0C-2702A494821B} = {06A52D63-C59C-4098-AC56-503B559C036C}
		{AB5CC3FB-EAFD-4EB6-A5C5-05C2DE49F9CD} = {06A52D63-C59C-4098-AC56-503B559C036C}
		{917AC502-C1F4-4356-8513-84404907E7B5} = {06A52D63-C59C-4098-AC56-503B559C036C}
		{790F2B30-3000-44CE-BF73-2F4342805BB6} = {06A52D63-C59C-4098-AC56-503B559C036C}
		{E6DB647B-9E9E-417A-A491-403E55F75B4B} = {F2A0C613-3B56-40D5-BD46-ADEF62C1F6A1}
		{06A52D63-C59C-4098-AC56-503B559C036C} = {02ED933C-CB7C-46AB-898D-8C6B265C8766}
		{9E30EEFE-3244-4FD4-81AD-BC5B06251BF2} = {02ED933C-CB7C-46AB-898D-8C6B265C8766}
		{57410C8B-14EC-4EAB-887E-C044F539E345} = {02ED933C-CB7C-46AB-898D-8C6B265C8766}
		{F2A0C613-3B56-40D5-BD46-ADEF62C1F6A1} = {02ED933C-CB7C-46AB-898D-8C6B265C8766}
		{7A4DD753-6850-4383-88ED-AC08EE0B1699} = {02ED933C-CB7C-46AB-898D-8C6B265C8766}
		{B6B96A2F-2276-4286-A9D1-613FDFDCBFD2} = {02ED933C-CB7C-46AB-898D-8C6B265C8766}
		{12A8F0EA-B42F-4FBE-A249-2B4B45726F59} = {B6B96A2F-2276-4286-A9D1-613FDFDCBFD2}
	EndGlobalSection
	GlobalSection(ExtensibilityGlobals) = postSolution
		EnterpriseLibraryConfigurationToolBinariesPathV6 = packages\EnterpriseLibrary.Common.6.0.1304.0\lib\NET45;packages\EnterpriseLibrary.Logging.6.0.1304.0\lib\NET45;packages\EnterpriseLibrary.Data.6.0.1304.0\lib\NET45
	EndGlobalSection
EndGlobal
